// !$*UTF8*$!
{
	archiveVersion = 1;
	classes = {
	};
	objectVersion = 56;
	objects = {

/* Begin PBXBuildFile section */
		89977F902E58500500F8576B /* zh_sanfangApp.swift in Sources */ = {isa = PBXBuildFile; fileRef = 89977F8F2E58500500F8576B /* zh_sanfangApp.swift */; };
		89977F922E58500600F8576B /* ContentView.swift in Sources */ = {isa = PBXBuildFile; fileRef = 89977F912E58500600F8576B /* ContentView.swift */; };
		89977F942E58500600F8576B /* Item.swift in Sources */ = {isa = PBXBuildFile; fileRef = 89977F932E58500600F8576B /* Item.swift */; };
		89977F962E58503D00F8576B /* Assets.xcassets in Resources */ = {isa = PBXBuildFile; fileRef = 89977F952E58503D00F8576B /* Assets.xcassets */; };
		89977F9A2E58503D00F8576B /* Preview Assets.xcassets in Resources */ = {isa = PBXBuildFile; fileRef = 89977F992E58503D00F8576B /* Preview Assets.xcassets */; };
		89977FA42E58503E00F8576B /* zh_sanfangTests.swift in Sources */ = {isa = PBXBuildFile; fileRef = 89977FA32E58503E00F8576B /* zh_sanfangTests.swift */; };
		89977FAE2E58503E00F8576B /* zh_sanfangUITests.swift in Sources */ = {isa = PBXBuildFile; fileRef = 89977FAD2E58503E00F8576B /* zh_sanfangUITests.swift */; };
		89977FB02E58503E00F8576B /* zh_sanfangUITestsLaunchTests.swift in Sources */ = {isa = PBXBuildFile; fileRef = 89977FAF2E58503E00F8576B /* zh_sanfangUITestsLaunchTests.swift */; };
/* End PBXBuildFile section */

/* Begin PBXContainerItemProxy section */
		89977FA02E58503E00F8576B /* PBXContainerItemProxy */ = {
			isa = PBXContainerItemProxy;
			containerPortal = 89977F842E584FE900F8576B /* Project object */;
			proxyType = 1;
			remoteGlobalIDString = 89977F8B2E584FFD00F8576B;
			remoteInfo = "zh-sanfang";
		};
		89977FAA2E58503E00F8576B /* PBXContainerItemProxy */ = {
			isa = PBXContainerItemProxy;
			containerPortal = 89977F842E584FE900F8576B /* Project object */;
			proxyType = 1;
			remoteGlobalIDString = 89977F8B2E584FFD00F8576B;
			remoteInfo = "zh-sanfang";
		};
/* End PBXContainerItemProxy section */

/* Begin PBXFileReference section */
		89977F8C2E58500500F8576B /* zh-sanfang.app */ = {isa = PBXFileReference; explicitFileType = wrapper.application; includeInIndex = 0; path = "zh-sanfang.app"; sourceTree = BUILT_PRODUCTS_DIR; };
		89977F8F2E58500500F8576B /* zh_sanfangApp.swift */ = {isa = PBXFileReference; lastKnownFileType = sourcecode.swift; path = zh_sanfangApp.swift; sourceTree = "<group>"; };
		89977F912E58500600F8576B /* ContentView.swift */ = {isa = PBXFileReference; lastKnownFileType = sourcecode.swift; path = ContentView.swift; sourceTree = "<group>"; };
		89977F932E58500600F8576B /* Item.swift */ = {isa = PBXFileReference; lastKnownFileType = sourcecode.swift; path = Item.swift; sourceTree = "<group>"; };
		89977F952E58503D00F8576B /* Assets.xcassets */ = {isa = PBXFileReference; lastKnownFileType = folder.assetcatalog; path = Assets.xcassets; sourceTree = "<group>"; };
		89977F972E58503D00F8576B /* zh_sanfang.entitlements */ = {isa = PBXFileReference; lastKnownFileType = text.plist.entitlements; path = zh_sanfang.entitlements; sourceTree = "<group>"; };
		89977F992E58503D00F8576B /* Preview Assets.xcassets */ = {isa = PBXFileReference; lastKnownFileType = folder.assetcatalog; path = "Preview Assets.xcassets"; sourceTree = "<group>"; };
		89977F9F2E58503E00F8576B /* zh-sanfangTests.xctest */ = {isa = PBXFileReference; explicitFileType = wrapper.cfbundle; includeInIndex = 0; path = "zh-sanfangTests.xctest"; sourceTree = BUILT_PRODUCTS_DIR; };
		89977FA32E58503E00F8576B /* zh_sanfangTests.swift */ = {isa = PBXFileReference; lastKnownFileType = sourcecode.swift; path = zh_sanfangTests.swift; sourceTree = "<group>"; };
		89977FA92E58503E00F8576B /* zh-sanfangUITests.xctest */ = {isa = PBXFileReference; explicitFileType = wrapper.cfbundle; includeInIndex = 0; path = "zh-sanfangUITests.xctest"; sourceTree = BUILT_PRODUCTS_DIR; };
		89977FAD2E58503E00F8576B /* zh_sanfangUITests.swift */ = {isa = PBXFileReference; lastKnownFileType = sourcecode.swift; path = zh_sanfangUITests.swift; sourceTree = "<group>"; };
		89977FAF2E58503E00F8576B /* zh_sanfangUITestsLaunchTests.swift */ = {isa = PBXFileReference; lastKnownFileType = sourcecode.swift; path = zh_sanfangUITestsLaunchTests.swift; sourceTree = "<group>"; };
/* End PBXFileReference section */

/* Begin PBXFrameworksBuildPhase section */
		89977F892E584FFD00F8576B /* Frameworks */ = {
			isa = PBXFrameworksBuildPhase;
			buildActionMask = 2147483647;
			files = (
			);
			runOnlyForDeploymentPostprocessing = 0;
		};
		89977F9C2E58503E00F8576B /* Frameworks */ = {
			isa = PBXFrameworksBuildPhase;
			buildActionMask = 2147483647;
			files = (
			);
			runOnlyForDeploymentPostprocessing = 0;
		};
		89977FA62E58503E00F8576B /* Frameworks */ = {
			isa = PBXFrameworksBuildPhase;
			buildActionMask = 2147483647;
			files = (
			);
			runOnlyForDeploymentPostprocessing = 0;
		};
/* End PBXFrameworksBuildPhase section */

/* Begin PBXGroup section */
		89977F832E584FDD00F8576B = {
			isa = PBXGroup;
			children = (
				89977F8E2E58500500F8576B /* zh-sanfang */,
				89977FA22E58503E00F8576B /* zh-sanfangTests */,
				89977FAC2E58503E00F8576B /* zh-sanfangUITests */,
				89977F8D2E58500500F8576B /* Products */,
			);
			sourceTree = "<group>";
		};
		89977F8D2E58500500F8576B /* Products */ = {
			isa = PBXGroup;
			children = (
				89977F8C2E58500500F8576B /* zh-sanfang.app */,
				89977F9F2E58503E00F8576B /* zh-sanfangTests.xctest */,
				89977FA92E58503E00F8576B /* zh-sanfangUITests.xctest */,
			);
			name = Products;
			sourceTree = "<group>";
		};
		89977F8E2E58500500F8576B /* zh-sanfang */ = {
			isa = PBXGroup;
			children = (
				89977F8F2E58500500F8576B /* zh_sanfangApp.swift */,
				89977F912E58500600F8576B /* ContentView.swift */,
				89977F932E58500600F8576B /* Item.swift */,
				89977F952E58503D00F8576B /* Assets.xcassets */,
				89977F972E58503D00F8576B /* zh_sanfang.entitlements */,
				89977F982E58503D00F8576B /* Preview Content */,
			);
			path = "zh-sanfang";
			sourceTree = "<group>";
		};
		89977F982E58503D00F8576B /* Preview Content */ = {
			isa = PBXGroup;
			children = (
				89977F992E58503D00F8576B /* Preview Assets.xcassets */,
			);
			path = "Preview Content";
			sourceTree = "<group>";
		};
		89977FA22E58503E00F8576B /* zh-sanfangTests */ = {
			isa = PBXGroup;
			children = (
				89977FA32E58503E00F8576B /* zh_sanfangTests.swift */,
			);
			path = "zh-sanfangTests";
			sourceTree = "<group>";
		};
		89977FAC2E58503E00F8576B /* zh-sanfangUITests */ = {
			isa = PBXGroup;
			children = (
				89977FAD2E58503E00F8576B /* zh_sanfangUITests.swift */,
				89977FAF2E58503E00F8576B /* zh_sanfangUITestsLaunchTests.swift */,
			);
			path = "zh-sanfangUITests";
			sourceTree = "<group>";
		};
/* End PBXGroup section */

/* Begin PBXNativeTarget section */
		89977F8B2E584FFD00F8576B /* zh-sanfang */ = {
			isa = PBXNativeTarget;
			buildConfigurationList = 89977FB32E58503E00F8576B /* Build configuration list for PBXNativeTarget "zh-sanfang" */;
			buildPhases = (
				89977F882E584FFD00F8576B /* Sources */,
				89977F892E584FFD00F8576B /* Frameworks */,
				89977F8A2E584FFD00F8576B /* Resources */,
			);
			buildRules = (
			);
			dependencies = (
			);
			name = "zh-sanfang";
			productName = "zh-sanfang";
			productReference = 89977F8C2E58500500F8576B /* zh-sanfang.app */;
			productType = "com.apple.product-type.application";
		};
		89977F9E2E58503E00F8576B /* zh-sanfangTests */ = {
			isa = PBXNativeTarget;
			buildConfigurationList = 89977FB62E58503E00F8576B /* Build configuration list for PBXNativeTarget "zh-sanfangTests" */;
			buildPhases = (
				89977F9B2E58503E00F8576B /* Sources */,
				89977F9C2E58503E00F8576B /* Frameworks */,
				89977F9D2E58503E00F8576B /* Resources */,
			);
			buildRules = (
			);
			dependencies = (
				89977FA12E58503E00F8576B /* PBXTargetDependency */,
			);
			name = "zh-sanfangTests";
			productName = "zh-sanfangTests";
			productReference = 89977F9F2E58503E00F8576B /* zh-sanfangTests.xctest */;
			productType = "com.apple.product-type.bundle.unit-test";
		};
		89977FA82E58503E00F8576B /* zh-sanfangUITests */ = {
			isa = PBXNativeTarget;
			buildConfigurationList = 89977FB92E58503E00F8576B /* Build configuration list for PBXNativeTarget "zh-sanfangUITests" */;
			buildPhases = (
				89977FA52E58503E00F8576B /* Sources */,
				89977FA62E58503E00F8576B /* Frameworks */,
				89977FA72E58503E00F8576B /* Resources */,
			);
			buildRules = (
			);
			dependencies = (
				89977FAB2E58503E00F8576B /* PBXTargetDependency */,
			);
			name = "zh-sanfangUITests";
			productName = "zh-sanfangUITests";
			productReference = 89977FA92E58503E00F8576B /* zh-sanfangUITests.xctest */;
			productType = "com.apple.product-type.bundle.ui-testing";
		};
/* End PBXNativeTarget section */

/* Begin PBXProject section */
		89977F842E584FE900F8576B /* Project object */ = {
			isa = PBXProject;
			attributes = {
				BuildIndependentTargetsInParallel = 1;
				LastSwiftUpdateCheck = 1520;
				LastUpgradeCheck = 1520;
				TargetAttributes = {
					89977F8B2E584FFD00F8576B = {
						CreatedOnToolsVersion = 15.2;
					};
					89977F9E2E58503E00F8576B = {
						CreatedOnToolsVersion = 15.2;
						TestTargetID = 89977F8B2E584FFD00F8576B;
					};
					89977FA82E58503E00F8576B = {
						CreatedOnToolsVersion = 15.2;
						TestTargetID = 89977F8B2E584FFD00F8576B;
					};
				};
			};
			buildConfigurationList = 89977F872E584FEE00F8576B /* Build configuration list for PBXProject "zh-sanfang" */;
			compatibilityVersion = "Xcode 14.0";
			developmentRegion = en;
			hasScannedForEncodings = 0;
			knownRegions = (
				en,
				Base,
			);
			mainGroup = 89977F832E584FDD00F8576B;
			productRefGroup = 89977F8D2E58500500F8576B /* Products */;
			projectDirPath = "";
			projectRoot = "";
			targets = (
				89977F8B2E584FFD00F8576B /* zh-sanfang */,
				89977F9E2E58503E00F8576B /* zh-sanfangTests */,
				89977FA82E58503E00F8576B /* zh-sanfangUITests */,
			);
		};
/* End PBXProject section */

/* Begin PBXResourcesBuildPhase section */
		89977F8A2E584FFD00F8576B /* Resources */ = {
			isa = PBXResourcesBuildPhase;
			buildActionMask = 2147483647;
			files = (
				89977F9A2E58503D00F8576B /* Preview Assets.xcassets in Resources */,
				89977F962E58503D00F8576B /* Assets.xcassets in Resources */,
			);
			runOnlyForDeploymentPostprocessing = 0;
		};
		89977F9D2E58503E00F8576B /* Resources */ = {
			isa = PBXResourcesBuildPhase;
			buildActionMask = 2147483647;
			files = (
			);
			runOnlyForDeploymentPostprocessing = 0;
		};
		89977FA72E58503E00F8576B /* Resources */ = {
			isa = PBXResourcesBuildPhase;
			buildActionMask = 2147483647;
			files = (
			);
			runOnlyForDeploymentPostprocessing = 0;
		};
/* End PBXResourcesBuildPhase section */

/* Begin PBXSourcesBuildPhase section */
		89977F882E584FFD00F8576B /* Sources */ = {
			isa = PBXSourcesBuildPhase;
			buildActionMask = 2147483647;
			files = (
				89977F922E58500600F8576B /* ContentView.swift in Sources */,
				89977F942E58500600F8576B /* Item.swift in Sources */,
				89977F902E58500500F8576B /* zh_sanfangApp.swift in Sources */,
			);
			runOnlyForDeploymentPostprocessing = 0;
		};
		89977F9B2E58503E00F8576B /* Sources */ = {
			isa = PBXSourcesBuildPhase;
			buildActionMask = 2147483647;
			files = (
				89977FA42E58503E00F8576B /* zh_sanfangTests.swift in Sources */,
			);
			runOnlyForDeploymentPostprocessing = 0;
		};
		89977FA52E58503E00F8576B /* Sources */ = {
			isa = PBXSourcesBuildPhase;
			buildActionMask = 2147483647;
			files = (
				89977FAE2E58503E00F8576B /* zh_sanfangUITests.swift in Sources */,
				89977FB02E58503E00F8576B /* zh_sanfangUITestsLaunchTests.swift in Sources */,
			);
			runOnlyForDeploymentPostprocessing = 0;
		};
/* End PBXSourcesBuildPhase section */

/* Begin PBXTargetDependency section */
		89977FA12E58503E00F8576B /* PBXTargetDependency */ = {
			isa = PBXTargetDependency;
			target = 89977F8B2E584FFD00F8576B /* zh-sanfang */;
			targetProxy = 89977FA02E58503E00F8576B /* PBXContainerItemProxy */;
		};
		89977FAB2E58503E00F8576B /* PBXTargetDependency */ = {
			isa = PBXTargetDependency;
			target = 89977F8B2E584FFD00F8576B /* zh-sanfang */;
			targetProxy = 89977FAA2E58503E00F8576B /* PBXContainerItemProxy */;
		};
/* End PBXTargetDependency section */

/* Begin XCBuildConfiguration section */
		89977FB12E58503E00F8576B /* Debug */ = {
			isa = XCBuildConfiguration;
			buildSettings = {
				ALWAYS_SEARCH_USER_PATHS = NO;
				ASSETCATALOG_COMPILER_GENERATE_SWIFT_ASSET_SYMBOL_EXTENSIONS = YES;
				CLANG_ANALYZER_NONNULL = YES;
				CLANG_ANALYZER_NUMBER_OBJECT_CONVERSION = YES_AGGRESSIVE;
				CLANG_CXX_LANGUAGE_STANDARD = "gnu++20";
				CLANG_ENABLE_MODULES = YES;
				CLANG_ENABLE_OBJC_ARC = YES;
				CLANG_ENABLE_OBJC_WEAK = YES;
				CLANG_WARN_BLOCK_CAPTURE_AUTORELEASING = YES;
				CLANG_WARN_BOOL_CONVERSION = YES;
				CLANG_WARN_COMMA = YES;
				CLANG_WARN_CONSTANT_CONVERSION = YES;
				CLANG_WARN_DEPRECATED_OBJC_IMPLEMENTATIONS = YES;
				CLANG_WARN_DIRECT_OBJC_ISA_USAGE = YES_ERROR;
				CLANG_WARN_DOCUMENTATION_COMMENTS = YES;
				CLANG_WARN_EMPTY_BODY = YES;
				CLANG_WARN_ENUM_CONVERSION = YES;
				CLANG_WARN_INFINITE_RECURSION = YES;
				CLANG_WARN_INT_CONVERSION = YES;
				CLANG_WARN_NON_LITERAL_NULL_CONVERSION = YES;
				CLANG_WARN_OBJC_IMPLICIT_RETAIN_SELF = YES;
				CLANG_WARN_OBJC_LITERAL_CONVERSION = YES;
				CLANG_WARN_OBJC_ROOT_CLASS = YES_ERROR;
				CLANG_WARN_QUOTED_INCLUDE_IN_FRAMEWORK_HEADER = YES;
				CLANG_WARN_RANGE_LOOP_ANALYSIS = YES;
				CLANG_WARN_STRICT_PROTOTYPES = YES;
				CLANG_WARN_SUSPICIOUS_MOVE = YES;
				CLANG_WARN_UNGUARDED_AVAILABILITY = YES_AGGRESSIVE;
				CLANG_WARN_UNREACHABLE_CODE = YES;
				CLANG_WARN__DUPLICATE_METHOD_MATCH = YES;
				COPY_PHASE_STRIP = NO;
				DEBUG_INFORMATION_FORMAT = dwarf;
				ENABLE_STRICT_OBJC_MSGSEND = YES;
				ENABLE_TESTABILITY = YES;
				ENABLE_USER_SCRIPT_SANDBOXING = YES;
				GCC_C_LANGUAGE_STANDARD = gnu17;
				GCC_DYNAMIC_NO_PIC = NO;
				GCC_NO_COMMON_BLOCKS = YES;
				GCC_OPTIMIZATION_LEVEL = 0;
				GCC_PREPROCESSOR_DEFINITIONS = (
					"DEBUG=1",
					"$(inherited)",
				);
				GCC_WARN_64_TO_32_BIT_CONVERSION = YES;
				GCC_WARN_ABOUT_RETURN_TYPE = YES_ERROR;
				GCC_WARN_UNDECLARED_SELECTOR = YES;
				GCC_WARN_UNINITIALIZED_AUTOS = YES_AGGRESSIVE;
				GCC_WARN_UNUSED_FUNCTION = YES;
				GCC_WARN_UNUSED_VARIABLE = YES;
				LOCALIZATION_PREFERS_STRING_CATALOGS = YES;
				MTL_ENABLE_DEBUG_INFO = INCLUDE_SOURCE;
				MTL_FAST_MATH = YES;
				ONLY_ACTIVE_ARCH = YES;
				SWIFT_ACTIVE_COMPILATION_CONDITIONS = "DEBUG $(inherited)";
				SWIFT_OPTIMIZATION_LEVEL = "-Onone";
			};
			name = Debug;
		};
		89977FB22E58503E00F8576B /* Release */ = {
			isa = XCBuildConfiguration;
			buildSettings = {
				ALWAYS_SEARCH_USER_PATHS = NO;
				ASSETCATALOG_COMPILER_GENERATE_SWIFT_ASSET_SYMBOL_EXTENSIONS = YES;
				CLANG_ANALYZER_NONNULL = YES;
				CLANG_ANALYZER_NUMBER_OBJECT_CONVERSION = YES_AGGRESSIVE;
				CLANG_CXX_LANGUAGE_STANDARD = "gnu++20";
				CLANG_ENABLE_MODULES = YES;
				CLANG_ENABLE_OBJC_ARC = YES;
				CLANG_ENABLE_OBJC_WEAK = YES;
				CLANG_WARN_BLOCK_CAPTURE_AUTORELEASING = YES;
				CLANG_WARN_BOOL_CONVERSION = YES;
				CLANG_WARN_COMMA = YES;
				CLANG_WARN_CONSTANT_CONVERSION = YES;
				CLANG_WARN_DEPRECATED_OBJC_IMPLEMENTATIONS = YES;
				CLANG_WARN_DIRECT_OBJC_ISA_USAGE = YES_ERROR;
				CLANG_WARN_DOCUMENTATION_COMMENTS = YES;
				CLANG_WARN_EMPTY_BODY = YES;
				CLANG_WARN_ENUM_CONVERSION = YES;
				CLANG_WARN_INFINITE_RECURSION = YES;
				CLANG_WARN_INT_CONVERSION = YES;
				CLANG_WARN_NON_LITERAL_NULL_CONVERSION = YES;
				CLANG_WARN_OBJC_IMPLICIT_RETAIN_SELF = YES;
				CLANG_WARN_OBJC_LITERAL_CONVERSION = YES;
				CLANG_WARN_OBJC_ROOT_CLASS = YES_ERROR;
				CLANG_WARN_QUOTED_INCLUDE_IN_FRAMEWORK_HEADER = YES;
				CLANG_WARN_RANGE_LOOP_ANALYSIS = YES;
				CLANG_WARN_STRICT_PROTOTYPES = YES;
				CLANG_WARN_SUSPICIOUS_MOVE = YES;
				CLANG_WARN_UNGUARDED_AVAILABILITY = YES_AGGRESSIVE;
				CLANG_WARN_UNREACHABLE_CODE = YES;
				CLANG_WARN__DUPLICATE_METHOD_MATCH = YES;
				COPY_PHASE_STRIP = NO;
				DEBUG_INFORMATION_FORMAT = "dwarf-with-dsym";
				ENABLE_NS_ASSERTIONS = NO;
				ENABLE_STRICT_OBJC_MSGSEND = YES;
				ENABLE_USER_SCRIPT_SANDBOXING = YES;
				GCC_C_LANGUAGE_STANDARD = gnu17;
				GCC_NO_COMMON_BLOCKS = YES;
				GCC_WARN_64_TO_32_BIT_CONVERSION = YES;
				GCC_WARN_ABOUT_RETURN_TYPE = YES_ERROR;
				GCC_WARN_UNDECLARED_SELECTOR = YES;
				GCC_WARN_UNINITIALIZED_AUTOS = YES_AGGRESSIVE;
				GCC_WARN_UNUSED_FUNCTION = YES;
				GCC_WARN_UNUSED_VARIABLE = YES;
				LOCALIZATION_PREFERS_STRING_CATALOGS = YES;
				MTL_ENABLE_DEBUG_INFO = NO;
				MTL_FAST_MATH = YES;
				SWIFT_COMPILATION_MODE = wholemodule;
			};
			name = Release;
		};
		89977FB42E58503E00F8576B /* Debug */ = {
			isa = XCBuildConfiguration;
			buildSettings = {
				ASSETCATALOG_COMPILER_APPICON_NAME = AppIcon;
				ASSETCATALOG_COMPILER_GLOBAL_ACCENT_COLOR_NAME = AccentColor;
				CODE_SIGN_ENTITLEMENTS = "zh-sanfang/zh_sanfang.entitlements";
				CODE_SIGN_STYLE = Automatic;
				CURRENT_PROJECT_VERSION = 1;
				DEVELOPMENT_ASSET_PATHS = "\"zh-sanfang/Preview Content\"";
				DEVELOPMENT_TEAM = 4P8Z37K8Z4;
				ENABLE_HARDENED_RUNTIME = YES;
				ENABLE_PREVIEWS = YES;
				GENERATE_INFOPLIST_FILE = YES;
				"INFOPLIST_KEY_UIApplicationSceneManifest_Generation[sdk=iphoneos*]" = YES;
				"INFOPLIST_KEY_UIApplicationSceneManifest_Generation[sdk=iphonesimulator*]" = YES;
				"INFOPLIST_KEY_UIApplicationSupportsIndirectInputEvents[sdk=iphoneos*]" = YES;
				"INFOPLIST_KEY_UIApplicationSupportsIndirectInputEvents[sdk=iphonesimulator*]" = YES;
				"INFOPLIST_KEY_UILaunchScreen_Generation[sdk=iphoneos*]" = YES;
				"INFOPLIST_KEY_UILaunchScreen_Generation[sdk=iphonesimulator*]" = YES;
				"INFOPLIST_KEY_UIStatusBarStyle[sdk=iphoneos*]" = UIStatusBarStyleDefault;
				"INFOPLIST_KEY_UIStatusBarStyle[sdk=iphonesimulator*]" = UIStatusBarStyleDefault;
				INFOPLIST_KEY_UISupportedInterfaceOrientations_iPad = "UIInterfaceOrientationPortrait UIInterfaceOrientationPortraitUpsideDown UIInterfaceOrientationLandscapeLeft UIInterfaceOrientationLandscapeRight";
				INFOPLIST_KEY_UISupportedInterfaceOrientations_iPhone = "UIInterfaceOrientationPortrait UIInterfaceOrientationLandscapeLeft UIInterfaceOrientationLandscapeRight";
				IPHONEOS_DEPLOYMENT_TARGET = 17.2;
				LD_RUNPATH_SEARCH_PATHS = "@executable_path/Frameworks";
				"LD_RUNPATH_SEARCH_PATHS[sdk=macosx*]" = "@executable_path/../Frameworks";
				MACOSX_DEPLOYMENT_TARGET = 14.0;
				MARKETING_VERSION = 1.0;
				PRODUCT_BUNDLE_IDENTIFIER = "xyz.hanyu-zh.zh-sanfang";
				PRODUCT_NAME = "$(TARGET_NAME)";
				SDKROOT = auto;
				SUPPORTED_PLATFORMS = "iphoneos iphonesimulator macosx";
				SWIFT_EMIT_LOC_STRINGS = YES;
				SWIFT_VERSION = 5.0;
				TARGETED_DEVICE_FAMILY = "1,2";
			};
			name = Debug;
		};
		89977FB52E58503E00F8576B /* Release */ = {
			isa = XCBuildConfiguration;
			buildSettings = {
				ASSETCATALOG_COMPILER_APPICON_NAME = AppIcon;
				ASSETCATALOG_COMPILER_GLOBAL_ACCENT_COLOR_NAME = AccentColor;
				CODE_SIGN_ENTITLEMENTS = "zh-sanfang/zh_sanfang.entitlements";
				CODE_SIGN_STYLE = Automatic;
				CURRENT_PROJECT_VERSION = 1;
				DEVELOPMENT_ASSET_PATHS = "\"zh-sanfang/Preview Content\"";
				DEVELOPMENT_TEAM = 4P8Z37K8Z4;
				ENABLE_HARDENED_RUNTIME = YES;
				ENABLE_PREVIEWS = YES;
				GENERATE_INFOPLIST_FILE = YES;
				"INFOPLIST_KEY_UIApplicationSceneManifest_Generation[sdk=iphoneos*]" = YES;
				"INFOPLIST_KEY_UIApplicationSceneManifest_Generation[sdk=iphonesimulator*]" = YES;
				"INFOPLIST_KEY_UIApplicationSupportsIndirectInputEvents[sdk=iphoneos*]" = YES;
				"INFOPLIST_KEY_UIApplicationSupportsIndirectInputEvents[sdk=iphonesimulator*]" = YES;
				"INFOPLIST_KEY_UILaunchScreen_Generation[sdk=iphoneos*]" = YES;
				"INFOPLIST_KEY_UILaunchScreen_Generation[sdk=iphonesimulator*]" = YES;
				"INFOPLIST_KEY_UIStatusBarStyle[sdk=iphoneos*]" = UIStatusBarStyleDefault;
				"INFOPLIST_KEY_UIStatusBarStyle[sdk=iphonesimulator*]" = UIStatusBarStyleDefault;
				INFOPLIST_KEY_UISupportedInterfaceOrientations_iPad = "UIInterfaceOrientationPortrait UIInterfaceOrientationPortraitUpsideDown UIInterfaceOrientationLandscapeLeft UIInterfaceOrientationLandscapeRight";
				INFOPLIST_KEY_UISupportedInterfaceOrientations_iPhone = "UIInterfaceOrientationPortrait UIInterfaceOrientationLandscapeLeft UIInterfaceOrientationLandscapeRight";
				IPHONEOS_DEPLOYMENT_TARGET = 17.2;
				LD_RUNPATH_SEARCH_PATHS = "@executable_path/Frameworks";
				"LD_RUNPATH_SEARCH_PATHS[sdk=macosx*]" = "@executable_path/../Frameworks";
				MACOSX_DEPLOYMENT_TARGET = 14.0;
				MARKETING_VERSION = 1.0;
				PRODUCT_BUNDLE_IDENTIFIER = "xyz.hanyu-zh.zh-sanfang";
				PRODUCT_NAME = "$(TARGET_NAME)";
				SDKROOT = auto;
				SUPPORTED_PLATFORMS = "iphoneos iphonesimulator macosx";
				SWIFT_EMIT_LOC_STRINGS = YES;
				SWIFT_VERSION = 5.0;
				TARGETED_DEVICE_FAMILY = "1,2";
			};
			name = Release;
		};
		89977FB72E58503E00F8576B /* Debug */ = {
			isa = XCBuildConfiguration;
			buildSettings = {
				ALWAYS_EMBED_SWIFT_STANDARD_LIBRARIES = YES;
				BUNDLE_LOADER = "$(TEST_HOST)";
				CODE_SIGN_STYLE = Automatic;
				CURRENT_PROJECT_VERSION = 1;
				DEVELOPMENT_TEAM = 4P8Z37K8Z4;
				GENERATE_INFOPLIST_FILE = YES;
				IPHONEOS_DEPLOYMENT_TARGET = 17.2;
				MACOSX_DEPLOYMENT_TARGET = 13.6;
				MARKETING_VERSION = 1.0;
				PRODUCT_BUNDLE_IDENTIFIER = "xyz.hanyu-zh.zh-sanfangTests";
				PRODUCT_NAME = "$(TARGET_NAME)";
				SDKROOT = auto;
				SUPPORTED_PLATFORMS = "iphoneos iphonesimulator macosx";
				SWIFT_EMIT_LOC_STRINGS = NO;
				SWIFT_VERSION = 5.0;
				TARGETED_DEVICE_FAMILY = "1,2";
				TEST_HOST = "$(BUILT_PRODUCTS_DIR)/zh-sanfang.app/$(BUNDLE_EXECUTABLE_FOLDER_PATH)/zh-sanfang";
			};
			name = Debug;
		};
		89977FB82E58503E00F8576B /* Release */ = {
			isa = XCBuildConfiguration;
			buildSettings = {
				ALWAYS_EMBED_SWIFT_STANDARD_LIBRARIES = YES;
				BUNDLE_LOADER = "$(TEST_HOST)";
				CODE_SIGN_STYLE = Automatic;
				CURRENT_PROJECT_VERSION = 1;
				DEVELOPMENT_TEAM = 4P8Z37K8Z4;
				GENERATE_INFOPLIST_FILE = YES;
				IPHONEOS_DEPLOYMENT_TARGET = 17.2;
				MACOSX_DEPLOYMENT_TARGET = 13.6;
				MARKETING_VERSION = 1.0;
				PRODUCT_BUNDLE_IDENTIFIER = "xyz.hanyu-zh.zh-sanfangTests";
				PRODUCT_NAME = "$(TARGET_NAME)";
				SDKROOT = auto;
				SUPPORTED_PLATFORMS = "iphoneos iphonesimulator macosx";
				SWIFT_EMIT_LOC_STRINGS = NO;
				SWIFT_VERSION = 5.0;
				TARGETED_DEVICE_FAMILY = "1,2";
				TEST_HOST = "$(BUILT_PRODUCTS_DIR)/zh-sanfang.app/$(BUNDLE_EXECUTABLE_FOLDER_PATH)/zh-sanfang";
			};
			name = Release;
		};
		89977FBA2E58503E00F8576B /* Debug */ = {
			isa = XCBuildConfiguration;
			buildSettings = {
				ALWAYS_EMBED_SWIFT_STANDARD_LIBRARIES = YES;
				CODE_SIGN_STYLE = Automatic;
				CURRENT_PROJECT_VERSION = 1;
				DEVELOPMENT_TEAM = 4P8Z37K8Z4;
				GENERATE_INFOPLIST_FILE = YES;
				IPHONEOS_DEPLOYMENT_TARGET = 17.2;
				MACOSX_DEPLOYMENT_TARGET = 13.6;
				MARKETING_VERSION = 1.0;
				PRODUCT_BUNDLE_IDENTIFIER = "xyz.hanyu-zh.zh-sanfangUITests";
				PRODUCT_NAME = "$(TARGET_NAME)";
				SDKROOT = auto;
				SUPPORTED_PLATFORMS = "iphoneos iphonesimulator macosx";
				SWIFT_EMIT_LOC_STRINGS = NO;
				SWIFT_VERSION = 5.0;
				TARGETED_DEVICE_FAMILY = "1,2";
				TEST_TARGET_NAME = "zh-sanfang";
			};
			name = Debug;
		};
		89977FBB2E58503E00F8576B /* Release */ = {
			isa = XCBuildConfiguration;
			buildSettings = {
				ALWAYS_EMBED_SWIFT_STANDARD_LIBRARIES = YES;
				CODE_SIGN_STYLE = Automatic;
				CURRENT_PROJECT_VERSION = 1;
				DEVELOPMENT_TEAM = 4P8Z37K8Z4;
				GENERATE_INFOPLIST_FILE = YES;
				IPHONEOS_DEPLOYMENT_TARGET = 17.2;
				MACOSX_DEPLOYMENT_TARGET = 13.6;
				MARKETING_VERSION = 1.0;
				PRODUCT_BUNDLE_IDENTIFIER = "xyz.hanyu-zh.zh-sanfangUITests";
				PRODUCT_NAME = "$(TARGET_NAME)";
				SDKROOT = auto;
				SUPPORTED_PLATFORMS = "iphoneos iphonesimulator macosx";
				SWIFT_EMIT_LOC_STRINGS = NO;
				SWIFT_VERSION = 5.0;
				TARGETED_DEVICE_FAMILY = "1,2";
				TEST_TARGET_NAME = "zh-sanfang";
			};
			name = Release;
		};
/* End XCBuildConfiguration section */

/* Begin XCConfigurationList section */
		89977F872E584FEE00F8576B /* Build configuration list for PBXProject "zh-sanfang" */ = {
			isa = XCConfigurationList;
			buildConfigurations = (
				89977FB12E58503E00F8576B /* Debug */,
				89977FB22E58503E00F8576B /* Release */,
			);
			defaultConfigurationIsVisible = 0;
			defaultConfigurationName = Release;
		};
		89977FB32E58503E00F8576B /* Build configuration list for PBXNativeTarget "zh-sanfang" */ = {
			isa = XCConfigurationList;
			buildConfigurations = (
				89977FB42E58503E00F8576B /* Debug */,
				89977FB52E58503E00F8576B /* Release */,
			);
			defaultConfigurationIsVisible = 0;
			defaultConfigurationName = Release;
		};
		89977FB62E58503E00F8576B /* Build configuration list for PBXNativeTarget "zh-sanfangTests" */ = {
			isa = XCConfigurationList;
			buildConfigurations = (
				89977FB72E58503E00F8576B /* Debug */,
				89977FB82E58503E00F8576B /* Release */,
			);
			defaultConfigurationIsVisible = 0;
			defaultConfigurationName = Release;
		};
		89977FB92E58503E00F8576B /* Build configuration list for PBXNativeTarget "zh-sanfangUITests" */ = {
			isa = XCConfigurationList;
			buildConfigurations = (
				89977FBA2E58503E00F8576B /* Debug */,
				89977FBB2E58503E00F8576B /* Release */,
			);
			defaultConfigurationIsVisible = 0;
			defaultConfigurationName = Release;
		};
/* End XCConfigurationList section */
	};
	rootObject = 89977F842E584FE900F8576B /* Project object */;
}
